// !$*UTF8*$!
{
	archiveVersion = 1;
	classes = {
	};
	objectVersion = 48;
	objects = {

/* Begin PBXBuildFile section */
		C020000F20C8EA8F000F54B4 /* CircleProgressView.m in Sources */ = {isa = PBXBuildFile; fileRef = C020000E20C8EA8F000F54B4 /* CircleProgressView.m */; };
		C020001520C90854000F54B4 /* ImageCropViewController.m in Sources */ = {isa = PBXBuildFile; fileRef = C020001420C90854000F54B4 /* ImageCropViewController.m */; };
		C084AD7B20C114C500FE3C43 /* AppDelegate.m in Sources */ = {isa = PBXBuildFile; fileRef = C084AD7A20C114C500FE3C43 /* AppDelegate.m */; };
		C084AD8120C114C500FE3C43 /* Main.storyboard in Resources */ = {isa = PBXBuildFile; fileRef = C084AD7F20C114C500FE3C43 /* Main.storyboard */; };
		C084AD8320C114C500FE3C43 /* Assets.xcassets in Resources */ = {isa = PBXBuildFile; fileRef = C084AD8220C114C500FE3C43 /* Assets.xcassets */; };
		C084AD8620C114C500FE3C43 /* LaunchScreen.storyboard in Resources */ = {isa = PBXBuildFile; fileRef = C084AD8420C114C500FE3C43 /* LaunchScreen.storyboard */; };
		C084AD8920C114C500FE3C43 /* main.m in Sources */ = {isa = PBXBuildFile; fileRef = C084AD8820C114C500FE3C43 /* main.m */; };
		C084ADA420C114EC00FE3C43 /* ViewController.m in Sources */ = {isa = PBXBuildFile; fileRef = C084AD9020C114EC00FE3C43 /* ViewController.m */; };
		C084ADA520C114EC00FE3C43 /* ImagePickerViewController.m in Sources */ = {isa = PBXBuildFile; fileRef = C084AD9220C114EC00FE3C43 /* ImagePickerViewController.m */; };
		C084ADA620C114EC00FE3C43 /* PhotoHelper.m in Sources */ = {isa = PBXBuildFile; fileRef = C084AD9320C114EC00FE3C43 /* PhotoHelper.m */; };
		C084ADA720C114EC00FE3C43 /* PhotoAlbumsViewController.m in Sources */ = {isa = PBXBuildFile; fileRef = C084AD9520C114EC00FE3C43 /* PhotoAlbumsViewController.m */; };
		C084ADA820C114EC00FE3C43 /* PhotoAlbum.m in Sources */ = {isa = PBXBuildFile; fileRef = C084AD9A20C114EC00FE3C43 /* PhotoAlbum.m */; };
		C084ADA920C114EC00FE3C43 /* ImagePickerBottomBar.m in Sources */ = {isa = PBXBuildFile; fileRef = C084AD9C20C114EC00FE3C43 /* ImagePickerBottomBar.m */; };
		C084ADAA20C114EC00FE3C43 /* PhotoItem.m in Sources */ = {isa = PBXBuildFile; fileRef = C084AD9E20C114EC00FE3C43 /* PhotoItem.m */; };
		C084ADAB20C114EC00FE3C43 /* PhotoCell.m in Sources */ = {isa = PBXBuildFile; fileRef = C084AD9F20C114EC00FE3C43 /* PhotoCell.m */; };
		C084ADAC20C114EC00FE3C43 /* PhotoAlbumCell.m in Sources */ = {isa = PBXBuildFile; fileRef = C084ADA020C114EC00FE3C43 /* PhotoAlbumCell.m */; };
		C084ADB420C11C7000FE3C43 /* SelectedCell.m in Sources */ = {isa = PBXBuildFile; fileRef = C084ADB320C11C7000FE3C43 /* SelectedCell.m */; };
		C09C058520C9175300A2AA34 /* ImageCropView.m in Sources */ = {isa = PBXBuildFile; fileRef = C09C058420C9175300A2AA34 /* ImageCropView.m */; };
		C09C058B20CA332F00A2AA34 /* ImageCropBottomBar.m in Sources */ = {isa = PBXBuildFile; fileRef = C09C058A20CA332F00A2AA34 /* ImageCropBottomBar.m */; };
		C0AA184120CE41D40070A4A5 /* PhotoSelectedManager.m in Sources */ = {isa = PBXBuildFile; fileRef = C0AA184020CE41D40070A4A5 /* PhotoSelectedManager.m */; };
		C0AA184420CE54980070A4A5 /* ADUploadLoadingView.m in Sources */ = {isa = PBXBuildFile; fileRef = C0AA184320CE54980070A4A5 /* ADUploadLoadingView.m */; };
		C0E3C3F220C67AE100222801 /* ImagePreViewController.m in Sources */ = {isa = PBXBuildFile; fileRef = C0E3C3F120C67AE100222801 /* ImagePreViewController.m */; };
		C0E3C3F520C67C9E00222801 /* ImagePreviewCell.m in Sources */ = {isa = PBXBuildFile; fileRef = C0E3C3F420C67C9E00222801 /* ImagePreviewCell.m */; };
/* End PBXBuildFile section */

/* Begin PBXFileReference section */
		C020000D20C8EA8F000F54B4 /* CircleProgressView.h */ = {isa = PBXFileReference; lastKnownFileType = sourcecode.c.h; path = CircleProgressView.h; sourceTree = "<group>"; };
		C020000E20C8EA8F000F54B4 /* CircleProgressView.m */ = {isa = PBXFileReference; lastKnownFileType = sourcecode.c.objc; path = CircleProgressView.m; sourceTree = "<group>"; };
		C020001320C90854000F54B4 /* ImageCropViewController.h */ = {isa = PBXFileReference; lastKnownFileType = sourcecode.c.h; path = ImageCropViewController.h; sourceTree = "<group>"; };
		C020001420C90854000F54B4 /* ImageCropViewController.m */ = {isa = PBXFileReference; lastKnownFileType = sourcecode.c.objc; path = ImageCropViewController.m; sourceTree = "<group>"; };
		C084AD7620C114C500FE3C43 /* ImagePickerViewController.app */ = {isa = PBXFileReference; explicitFileType = wrapper.application; includeInIndex = 0; path = ImagePickerViewController.app; sourceTree = BUILT_PRODUCTS_DIR; };
		C084AD7920C114C500FE3C43 /* AppDelegate.h */ = {isa = PBXFileReference; lastKnownFileType = sourcecode.c.h; path = AppDelegate.h; sourceTree = "<group>"; };
		C084AD7A20C114C500FE3C43 /* AppDelegate.m */ = {isa = PBXFileReference; lastKnownFileType = sourcecode.c.objc; path = AppDelegate.m; sourceTree = "<group>"; };
		C084AD8020C114C500FE3C43 /* Base */ = {isa = PBXFileReference; lastKnownFileType = file.storyboard; name = Base; path = Base.lproj/Main.storyboard; sourceTree = "<group>"; };
		C084AD8220C114C500FE3C43 /* Assets.xcassets */ = {isa = PBXFileReference; lastKnownFileType = folder.assetcatalog; path = Assets.xcassets; sourceTree = "<group>"; };
		C084AD8520C114C500FE3C43 /* Base */ = {isa = PBXFileReference; lastKnownFileType = file.storyboard; name = Base; path = Base.lproj/LaunchScreen.storyboard; sourceTree = "<group>"; };
		C084AD8720C114C500FE3C43 /* Info.plist */ = {isa = PBXFileReference; lastKnownFileType = text.plist.xml; path = Info.plist; sourceTree = "<group>"; };
		C084AD8820C114C500FE3C43 /* main.m */ = {isa = PBXFileReference; lastKnownFileType = sourcecode.c.objc; path = main.m; sourceTree = "<group>"; };
		C084AD8F20C114EC00FE3C43 /* ViewController.h */ = {isa = PBXFileReference; fileEncoding = 4; lastKnownFileType = sourcecode.c.h; path = ViewController.h; sourceTree = "<group>"; };
		C084AD9020C114EC00FE3C43 /* ViewController.m */ = {isa = PBXFileReference; fileEncoding = 4; lastKnownFileType = sourcecode.c.objc; path = ViewController.m; sourceTree = "<group>"; };
		C084AD9220C114EC00FE3C43 /* ImagePickerViewController.m */ = {isa = PBXFileReference; fileEncoding = 4; lastKnownFileType = sourcecode.c.objc; path = ImagePickerViewController.m; sourceTree = "<group>"; };
		C084AD9320C114EC00FE3C43 /* PhotoHelper.m */ = {isa = PBXFileReference; fileEncoding = 4; lastKnownFileType = sourcecode.c.objc; path = PhotoHelper.m; sourceTree = "<group>"; };
		C084AD9420C114EC00FE3C43 /* ImagePickerBottomBar.h */ = {isa = PBXFileReference; fileEncoding = 4; lastKnownFileType = sourcecode.c.h; path = ImagePickerBottomBar.h; sourceTree = "<group>"; };
		C084AD9520C114EC00FE3C43 /* PhotoAlbumsViewController.m */ = {isa = PBXFileReference; fileEncoding = 4; lastKnownFileType = sourcecode.c.objc; path = PhotoAlbumsViewController.m; sourceTree = "<group>"; };
		C084AD9620C114EC00FE3C43 /* PhotoAlbumCell.h */ = {isa = PBXFileReference; fileEncoding = 4; lastKnownFileType = sourcecode.c.h; path = PhotoAlbumCell.h; sourceTree = "<group>"; };
		C084AD9720C114EC00FE3C43 /* PhotoCell.h */ = {isa = PBXFileReference; fileEncoding = 4; lastKnownFileType = sourcecode.c.h; path = PhotoCell.h; sourceTree = "<group>"; };
		C084AD9820C114EC00FE3C43 /* PhotoItem.h */ = {isa = PBXFileReference; fileEncoding = 4; lastKnownFileType = sourcecode.c.h; path = PhotoItem.h; sourceTree = "<group>"; };
		C084AD9A20C114EC00FE3C43 /* PhotoAlbum.m */ = {isa = PBXFileReference; fileEncoding = 4; lastKnownFileType = sourcecode.c.objc; path = PhotoAlbum.m; sourceTree = "<group>"; };
		C084AD9B20C114EC00FE3C43 /* ImagePickerViewController.h */ = {isa = PBXFileReference; fileEncoding = 4; lastKnownFileType = sourcecode.c.h; path = ImagePickerViewController.h; sourceTree = "<group>"; };
		C084AD9C20C114EC00FE3C43 /* ImagePickerBottomBar.m */ = {isa = PBXFileReference; fileEncoding = 4; lastKnownFileType = sourcecode.c.objc; path = ImagePickerBottomBar.m; sourceTree = "<group>"; };
		C084AD9D20C114EC00FE3C43 /* PhotoHelper.h */ = {isa = PBXFileReference; fileEncoding = 4; lastKnownFileType = sourcecode.c.h; path = PhotoHelper.h; sourceTree = "<group>"; };
		C084AD9E20C114EC00FE3C43 /* PhotoItem.m */ = {isa = PBXFileReference; fileEncoding = 4; lastKnownFileType = sourcecode.c.objc; path = PhotoItem.m; sourceTree = "<group>"; };
		C084AD9F20C114EC00FE3C43 /* PhotoCell.m */ = {isa = PBXFileReference; fileEncoding = 4; lastKnownFileType = sourcecode.c.objc; path = PhotoCell.m; sourceTree = "<group>"; };
		C084ADA020C114EC00FE3C43 /* PhotoAlbumCell.m */ = {isa = PBXFileReference; fileEncoding = 4; lastKnownFileType = sourcecode.c.objc; path = PhotoAlbumCell.m; sourceTree = "<group>"; };
		C084ADA120C114EC00FE3C43 /* PhotoAlbumsViewController.h */ = {isa = PBXFileReference; fileEncoding = 4; lastKnownFileType = sourcecode.c.h; path = PhotoAlbumsViewController.h; sourceTree = "<group>"; };
		C084ADA220C114EC00FE3C43 /* PhotoAlbum.h */ = {isa = PBXFileReference; fileEncoding = 4; lastKnownFileType = sourcecode.c.h; path = PhotoAlbum.h; sourceTree = "<group>"; };
		C084ADB220C11C7000FE3C43 /* SelectedCell.h */ = {isa = PBXFileReference; lastKnownFileType = sourcecode.c.h; path = SelectedCell.h; sourceTree = "<group>"; };
		C084ADB320C11C7000FE3C43 /* SelectedCell.m */ = {isa = PBXFileReference; lastKnownFileType = sourcecode.c.objc; path = SelectedCell.m; sourceTree = "<group>"; };
		C09C058320C9175300A2AA34 /* ImageCropView.h */ = {isa = PBXFileReference; lastKnownFileType = sourcecode.c.h; path = ImageCropView.h; sourceTree = "<group>"; };
		C09C058420C9175300A2AA34 /* ImageCropView.m */ = {isa = PBXFileReference; lastKnownFileType = sourcecode.c.objc; path = ImageCropView.m; sourceTree = "<group>"; };
		C09C058620C9202600A2AA34 /* ImageCropHeader.h */ = {isa = PBXFileReference; lastKnownFileType = sourcecode.c.h; path = ImageCropHeader.h; sourceTree = "<group>"; };
		C09C058920CA332F00A2AA34 /* ImageCropBottomBar.h */ = {isa = PBXFileReference; lastKnownFileType = sourcecode.c.h; path = ImageCropBottomBar.h; sourceTree = "<group>"; };
		C09C058A20CA332F00A2AA34 /* ImageCropBottomBar.m */ = {isa = PBXFileReference; lastKnownFileType = sourcecode.c.objc; path = ImageCropBottomBar.m; sourceTree = "<group>"; };
		C0AA183F20CE41D40070A4A5 /* PhotoSelectedManager.h */ = {isa = PBXFileReference; lastKnownFileType = sourcecode.c.h; path = PhotoSelectedManager.h; sourceTree = "<group>"; };
		C0AA184020CE41D40070A4A5 /* PhotoSelectedManager.m */ = {isa = PBXFileReference; lastKnownFileType = sourcecode.c.objc; path = PhotoSelectedManager.m; sourceTree = "<group>"; };
		C0AA184220CE54980070A4A5 /* ADUploadLoadingView.h */ = {isa = PBXFileReference; fileEncoding = 4; lastKnownFileType = sourcecode.c.h; path = ADUploadLoadingView.h; sourceTree = "<group>"; };
		C0AA184320CE54980070A4A5 /* ADUploadLoadingView.m */ = {isa = PBXFileReference; fileEncoding = 4; lastKnownFileType = sourcecode.c.objc; path = ADUploadLoadingView.m; sourceTree = "<group>"; };
		C0E3C3F020C67AE100222801 /* ImagePreViewController.h */ = {isa = PBXFileReference; lastKnownFileType = sourcecode.c.h; path = ImagePreViewController.h; sourceTree = "<group>"; };
		C0E3C3F120C67AE100222801 /* ImagePreViewController.m */ = {isa = PBXFileReference; lastKnownFileType = sourcecode.c.objc; path = ImagePreViewController.m; sourceTree = "<group>"; };
		C0E3C3F320C67C9E00222801 /* ImagePreviewCell.h */ = {isa = PBXFileReference; lastKnownFileType = sourcecode.c.h; path = ImagePreviewCell.h; sourceTree = "<group>"; };
		C0E3C3F420C67C9E00222801 /* ImagePreviewCell.m */ = {isa = PBXFileReference; lastKnownFileType = sourcecode.c.objc; path = ImagePreviewCell.m; sourceTree = "<group>"; };
/* End PBXFileReference section */

/* Begin PBXFrameworksBuildPhase section */
		C084AD7320C114C500FE3C43 /* Frameworks */ = {
			isa = PBXFrameworksBuildPhase;
			buildActionMask = 2147483647;
			files = (
			);
			runOnlyForDeploymentPostprocessing = 0;
		};
/* End PBXFrameworksBuildPhase section */

/* Begin PBXGroup section */
		C084AD6D20C114C500FE3C43 = {
			isa = PBXGroup;
			children = (
				C084AD7820C114C500FE3C43 /* ImagePickerViewController */,
				C084AD7720C114C500FE3C43 /* Products */,
			);
			sourceTree = "<group>";
		};
		C084AD7720C114C500FE3C43 /* Products */ = {
			isa = PBXGroup;
			children = (
				C084AD7620C114C500FE3C43 /* ImagePickerViewController.app */,
			);
			name = Products;
			sourceTree = "<group>";
		};
		C084AD7820C114C500FE3C43 /* ImagePickerViewController */ = {
			isa = PBXGroup;
			children = (
				C084AD7920C114C500FE3C43 /* AppDelegate.h */,
				C084AD7A20C114C500FE3C43 /* AppDelegate.m */,
				C020000D20C8EA8F000F54B4 /* CircleProgressView.h */,
				C020000E20C8EA8F000F54B4 /* CircleProgressView.m */,
				C0AA184220CE54980070A4A5 /* ADUploadLoadingView.h */,
				C0AA184320CE54980070A4A5 /* ADUploadLoadingView.m */,
				C084AD9120C114EC00FE3C43 /* ImagePicker */,
				C084AD8F20C114EC00FE3C43 /* ViewController.h */,
				C084AD9020C114EC00FE3C43 /* ViewController.m */,
				C084ADB220C11C7000FE3C43 /* SelectedCell.h */,
				C084ADB320C11C7000FE3C43 /* SelectedCell.m */,
				C084AD7F20C114C500FE3C43 /* Main.storyboard */,
				C084AD8220C114C500FE3C43 /* Assets.xcassets */,
				C084AD8420C114C500FE3C43 /* LaunchScreen.storyboard */,
				C084AD8720C114C500FE3C43 /* Info.plist */,
				C084AD8820C114C500FE3C43 /* main.m */,
			);
			path = ImagePickerViewController;
			sourceTree = "<group>";
		};
		C084AD9120C114EC00FE3C43 /* ImagePicker */ = {
			isa = PBXGroup;
			children = (
				C084ADAE20C1151700FE3C43 /* controller */,
				C084ADB120C1155F00FE3C43 /* tool */,
				C084ADAF20C1152A00FE3C43 /* view */,
				C084ADB020C1154900FE3C43 /* model */,
			);
			path = ImagePicker;
			sourceTree = "<group>";
		};
		C084ADAE20C1151700FE3C43 /* controller */ = {
			isa = PBXGroup;
			children = (
				C084AD9B20C114EC00FE3C43 /* ImagePickerViewController.h */,
				C084AD9220C114EC00FE3C43 /* ImagePickerViewController.m */,
				C084AD9520C114EC00FE3C43 /* PhotoAlbumsViewController.m */,
				C084ADA120C114EC00FE3C43 /* PhotoAlbumsViewController.h */,
				C0E3C3F020C67AE100222801 /* ImagePreViewController.h */,
				C0E3C3F120C67AE100222801 /* ImagePreViewController.m */,
				C020001320C90854000F54B4 /* ImageCropViewController.h */,
				C020001420C90854000F54B4 /* ImageCropViewController.m */,
				C09C058620C9202600A2AA34 /* ImageCropHeader.h */,
			);
			path = controller;
			sourceTree = "<group>";
		};
		C084ADAF20C1152A00FE3C43 /* view */ = {
			isa = PBXGroup;
			children = (
				C084AD9420C114EC00FE3C43 /* ImagePickerBottomBar.h */,
				C084AD9C20C114EC00FE3C43 /* ImagePickerBottomBar.m */,
				C084AD9720C114EC00FE3C43 /* PhotoCell.h */,
				C084AD9F20C114EC00FE3C43 /* PhotoCell.m */,
				C084AD9620C114EC00FE3C43 /* PhotoAlbumCell.h */,
				C084ADA020C114EC00FE3C43 /* PhotoAlbumCell.m */,
				C0E3C3F320C67C9E00222801 /* ImagePreviewCell.h */,
				C0E3C3F420C67C9E00222801 /* ImagePreviewCell.m */,
				C09C058320C9175300A2AA34 /* ImageCropView.h */,
				C09C058420C9175300A2AA34 /* ImageCropView.m */,
				C09C058920CA332F00A2AA34 /* ImageCropBottomBar.h */,
				C09C058A20CA332F00A2AA34 /* ImageCropBottomBar.m */,
			);
			path = view;
			sourceTree = "<group>";
		};
		C084ADB020C1154900FE3C43 /* model */ = {
			isa = PBXGroup;
			children = (
				C084AD9820C114EC00FE3C43 /* PhotoItem.h */,
				C084AD9E20C114EC00FE3C43 /* PhotoItem.m */,
				C084ADA220C114EC00FE3C43 /* PhotoAlbum.h */,
				C084AD9A20C114EC00FE3C43 /* PhotoAlbum.m */,
			);
			path = model;
			sourceTree = "<group>";
		};
		C084ADB120C1155F00FE3C43 /* tool */ = {
			isa = PBXGroup;
			children = (
				C084AD9D20C114EC00FE3C43 /* PhotoHelper.h */,
				C084AD9320C114EC00FE3C43 /* PhotoHelper.m */,
				C0AA183F20CE41D40070A4A5 /* PhotoSelectedManager.h */,
				C0AA184020CE41D40070A4A5 /* PhotoSelectedManager.m */,
			);
			path = tool;
			sourceTree = "<group>";
		};
/* End PBXGroup section */

/* Begin PBXNativeTarget section */
		C084AD7520C114C500FE3C43 /* ImagePickerViewController */ = {
			isa = PBXNativeTarget;
			buildConfigurationList = C084AD8C20C114C500FE3C43 /* Build configuration list for PBXNativeTarget "ImagePickerViewController" */;
			buildPhases = (
				C084AD7220C114C500FE3C43 /* Sources */,
				C084AD7320C114C500FE3C43 /* Frameworks */,
				C084AD7420C114C500FE3C43 /* Resources */,
			);
			buildRules = (
			);
			dependencies = (
			);
			name = ImagePickerViewController;
			productName = ImagePickerViewController;
			productReference = C084AD7620C114C500FE3C43 /* ImagePickerViewController.app */;
			productType = "com.apple.product-type.application";
		};
/* End PBXNativeTarget section */

/* Begin PBXProject section */
		C084AD6E20C114C500FE3C43 /* Project object */ = {
			isa = PBXProject;
			attributes = {
				LastUpgradeCheck = 0900;
				ORGANIZATIONNAME = Qingchifan;
				TargetAttributes = {
					C084AD7520C114C500FE3C43 = {
						CreatedOnToolsVersion = 9.0;
						ProvisioningStyle = Automatic;
					};
				};
			};
			buildConfigurationList = C084AD7120C114C500FE3C43 /* Build configuration list for PBXProject "ImagePickerViewController" */;
			compatibilityVersion = "Xcode 8.0";
			developmentRegion = en;
			hasScannedForEncodings = 0;
			knownRegions = (
				en,
				Base,
			);
			mainGroup = C084AD6D20C114C500FE3C43;
			productRefGroup = C084AD7720C114C500FE3C43 /* Products */;
			projectDirPath = "";
			projectRoot = "";
			targets = (
				C084AD7520C114C500FE3C43 /* ImagePickerViewController */,
			);
		};
/* End PBXProject section */

/* Begin PBXResourcesBuildPhase section */
		C084AD7420C114C500FE3C43 /* Resources */ = {
			isa = PBXResourcesBuildPhase;
			buildActionMask = 2147483647;
			files = (
				C084AD8620C114C500FE3C43 /* LaunchScreen.storyboard in Resources */,
				C084AD8320C114C500FE3C43 /* Assets.xcassets in Resources */,
				C084AD8120C114C500FE3C43 /* Main.storyboard in Resources */,
			);
			runOnlyForDeploymentPostprocessing = 0;
		};
/* End PBXResourcesBuildPhase section */

/* Begin PBXSourcesBuildPhase section */
		C084AD7220C114C500FE3C43 /* Sources */ = {
			isa = PBXSourcesBuildPhase;
			buildActionMask = 2147483647;
			files = (
				C0AA184120CE41D40070A4A5 /* PhotoSelectedManager.m in Sources */,
				C09C058B20CA332F00A2AA34 /* ImageCropBottomBar.m in Sources */,
				C084ADA420C114EC00FE3C43 /* ViewController.m in Sources */,
				C084ADAC20C114EC00FE3C43 /* PhotoAlbumCell.m in Sources */,
				C084ADA620C114EC00FE3C43 /* PhotoHelper.m in Sources */,
				C084AD8920C114C500FE3C43 /* main.m in Sources */,
				C084ADAA20C114EC00FE3C43 /* PhotoItem.m in Sources */,
				C020000F20C8EA8F000F54B4 /* CircleProgressView.m in Sources */,
				C0E3C3F220C67AE100222801 /* ImagePreViewController.m in Sources */,
				C0E3C3F520C67C9E00222801 /* ImagePreviewCell.m in Sources */,
				C084ADA520C114EC00FE3C43 /* ImagePickerViewController.m in Sources */,
				C09C058520C9175300A2AA34 /* ImageCropView.m in Sources */,
				C084ADA920C114EC00FE3C43 /* ImagePickerBottomBar.m in Sources */,
				C020001520C90854000F54B4 /* ImageCropViewController.m in Sources */,
				C084ADAB20C114EC00FE3C43 /* PhotoCell.m in Sources */,
				C0AA184420CE54980070A4A5 /* ADUploadLoadingView.m in Sources */,
				C084ADB420C11C7000FE3C43 /* SelectedCell.m in Sources */,
				C084AD7B20C114C500FE3C43 /* AppDelegate.m in Sources */,
				C084ADA720C114EC00FE3C43 /* PhotoAlbumsViewController.m in Sources */,
				C084ADA820C114EC00FE3C43 /* PhotoAlbum.m in Sources */,
			);
			runOnlyForDeploymentPostprocessing = 0;
		};
/* End PBXSourcesBuildPhase section */

/* Begin PBXVariantGroup section */
		C084AD7F20C114C500FE3C43 /* Main.storyboard */ = {
			isa = PBXVariantGroup;
			children = (
				C084AD8020C114C500FE3C43 /* Base */,
			);
			name = Main.storyboard;
			sourceTree = "<group>";
		};
		C084AD8420C114C500FE3C43 /* LaunchScreen.storyboard */ = {
			isa = PBXVariantGroup;
			children = (
				C084AD8520C114C500FE3C43 /* Base */,
			);
			name = LaunchScreen.storyboard;
			sourceTree = "<group>";
		};
/* End PBXVariantGroup section */

/* Begin XCBuildConfiguration section */
		C084AD8A20C114C500FE3C43 /* Debug */ = {
			isa = XCBuildConfiguration;
			buildSettings = {
				ALWAYS_SEARCH_USER_PATHS = NO;
				CLANG_ANALYZER_NONNULL = YES;
				CLANG_ANALYZER_NUMBER_OBJECT_CONVERSION = YES_AGGRESSIVE;
				CLANG_CXX_LANGUAGE_STANDARD = "gnu++14";
				CLANG_CXX_LIBRARY = "libc++";
				CLANG_ENABLE_MODULES = YES;
				CLANG_ENABLE_OBJC_ARC = YES;
				CLANG_WARN_BLOCK_CAPTURE_AUTORELEASING = YES;
				CLANG_WARN_BOOL_CONVERSION = YES;
				CLANG_WARN_COMMA = YES;
				CLANG_WARN_CONSTANT_CONVERSION = YES;
				CLANG_WARN_DIRECT_OBJC_ISA_USAGE = YES_ERROR;
				CLANG_WARN_DOCUMENTATION_COMMENTS = YES;
				CLANG_WARN_EMPTY_BODY = YES;
				CLANG_WARN_ENUM_CONVERSION = YES;
				CLANG_WARN_INFINITE_RECURSION = YES;
				CLANG_WARN_INT_CONVERSION = YES;
				CLANG_WARN_NON_LITERAL_NULL_CONVERSION = YES;
				CLANG_WARN_OBJC_LITERAL_CONVERSION = YES;
				CLANG_WARN_OBJC_ROOT_CLASS = YES_ERROR;
				CLANG_WARN_RANGE_LOOP_ANALYSIS = YES;
				CLANG_WARN_STRICT_PROTOTYPES = YES;
				CLANG_WARN_SUSPICIOUS_MOVE = YES;
				CLANG_WARN_UNGUARDED_AVAILABILITY = YES_AGGRESSIVE;
				CLANG_WARN_UNREACHABLE_CODE = YES;
				CLANG_WARN__DUPLICATE_METHOD_MATCH = YES;
				CODE_SIGN_IDENTITY = "iPhone Developer";
				COPY_PHASE_STRIP = NO;
				DEBUG_INFORMATION_FORMAT = dwarf;
				ENABLE_STRICT_OBJC_MSGSEND = YES;
				ENABLE_TESTABILITY = YES;
				GCC_C_LANGUAGE_STANDARD = gnu11;
				GCC_DYNAMIC_NO_PIC = NO;
				GCC_NO_COMMON_BLOCKS = YES;
				GCC_OPTIMIZATION_LEVEL = 0;
				GCC_PREPROCESSOR_DEFINITIONS = (
					"DEBUG=1",
					"$(inherited)",
				);
				GCC_WARN_64_TO_32_BIT_CONVERSION = YES;
				GCC_WARN_ABOUT_RETURN_TYPE = YES_ERROR;
				GCC_WARN_UNDECLARED_SELECTOR = YES;
				GCC_WARN_UNINITIALIZED_AUTOS = YES_AGGRESSIVE;
				GCC_WARN_UNUSED_FUNCTION = YES;
				GCC_WARN_UNUSED_VARIABLE = YES;
				IPHONEOS_DEPLOYMENT_TARGET = 11.0;
				MTL_ENABLE_DEBUG_INFO = YES;
				ONLY_ACTIVE_ARCH = YES;
				SDKROOT = iphoneos;
			};
			name = Debug;
		};
		C084AD8B20C114C500FE3C43 /* Release */ = {
			isa = XCBuildConfiguration;
			buildSettings = {
				ALWAYS_SEARCH_USER_PATHS = NO;
				CLANG_ANALYZER_NONNULL = YES;
				CLANG_ANALYZER_NUMBER_OBJECT_CONVERSION = YES_AGGRESSIVE;
				CLANG_CXX_LANGUAGE_STANDARD = "gnu++14";
				CLANG_CXX_LIBRARY = "libc++";
				CLANG_ENABLE_MODULES = YES;
				CLANG_ENABLE_OBJC_ARC = YES;
				CLANG_WARN_BLOCK_CAPTURE_AUTORELEASING = YES;
				CLANG_WARN_BOOL_CONVERSION = YES;
				CLANG_WARN_COMMA = YES;
				CLANG_WARN_CONSTANT_CONVERSION = YES;
				CLANG_WARN_DIRECT_OBJC_ISA_USAGE = YES_ERROR;
				CLANG_WARN_DOCUMENTATION_COMMENTS = YES;
				CLANG_WARN_EMPTY_BODY = YES;
				CLANG_WARN_ENUM_CONVERSION = YES;
				CLANG_WARN_INFINITE_RECURSION = YES;
				CLANG_WARN_INT_CONVERSION = YES;
				CLANG_WARN_NON_LITERAL_NULL_CONVERSION = YES;
				CLANG_WARN_OBJC_LITERAL_CONVERSION = YES;
				CLANG_WARN_OBJC_ROOT_CLASS = YES_ERROR;
				CLANG_WARN_RANGE_LOOP_ANALYSIS = YES;
				CLANG_WARN_STRICT_PROTOTYPES = YES;
				CLANG_WARN_SUSPICIOUS_MOVE = YES;
				CLANG_WARN_UNGUARDED_AVAILABILITY = YES_AGGRESSIVE;
				CLANG_WARN_UNREACHABLE_CODE = YES;
				CLANG_WARN__DUPLICATE_METHOD_MATCH = YES;
				CODE_SIGN_IDENTITY = "iPhone Developer";
				COPY_PHASE_STRIP = NO;
				DEBUG_INFORMATION_FORMAT = "dwarf-with-dsym";
				ENABLE_NS_ASSERTIONS = NO;
				ENABLE_STRICT_OBJC_MSGSEND = YES;
				GCC_C_LANGUAGE_STANDARD = gnu11;
				GCC_NO_COMMON_BLOCKS = YES;
				GCC_WARN_64_TO_32_BIT_CONVERSION = YES;
				GCC_WARN_ABOUT_RETURN_TYPE = YES_ERROR;
				GCC_WARN_UNDECLARED_SELECTOR = YES;
				GCC_WARN_UNINITIALIZED_AUTOS = YES_AGGRESSIVE;
				GCC_WARN_UNUSED_FUNCTION = YES;
				GCC_WARN_UNUSED_VARIABLE = YES;
				IPHONEOS_DEPLOYMENT_TARGET = 11.0;
				MTL_ENABLE_DEBUG_INFO = NO;
				SDKROOT = iphoneos;
				VALIDATE_PRODUCT = YES;
			};
			name = Release;
		};
		C084AD8D20C114C500FE3C43 /* Debug */ = {
			isa = XCBuildConfiguration;
			buildSettings = {
				ASSETCATALOG_COMPILER_APPICON_NAME = AppIcon;
				"CODE_SIGN_IDENTITY[sdk=iphoneos*]" = "iPhone Developer";
				CODE_SIGN_STYLE = Automatic;
				DEVELOPMENT_TEAM = Z3RNG48AMQ;
				INFOPLIST_FILE = ImagePickerViewController/Info.plist;
				IPHONEOS_DEPLOYMENT_TARGET = 9.0;
				LD_RUNPATH_SEARCH_PATHS = "$(inherited) @executable_path/Frameworks";
				PRODUCT_BUNDLE_IDENTIFIER = com.huiyoujia.ImagePickerViewController;
				PRODUCT_NAME = "$(TARGET_NAME)";
				PROVISIONING_PROFILE_SPECIFIER = "";
				TARGETED_DEVICE_FAMILY = "1,2";
			};
			name = Debug;
		};
		C084AD8E20C114C500FE3C43 /* Release */ = {
			isa = XCBuildConfiguration;
			buildSettings = {
				ASSETCATALOG_COMPILER_APPICON_NAME = AppIcon;
				"CODE_SIGN_IDENTITY[sdk=iphoneos*]" = "iPhone Developer";
				CODE_SIGN_STYLE = Automatic;
				DEVELOPMENT_TEAM = Z3RNG48AMQ;
				INFOPLIST_FILE = ImagePickerViewController/Info.plist;
				IPHONEOS_DEPLOYMENT_TARGET = 9.0;
				LD_RUNPATH_SEARCH_PATHS = "$(inherited) @executable_path/Frameworks";
				PRODUCT_BUNDLE_IDENTIFIER = com.huiyoujia.ImagePickerViewController;
				PRODUCT_NAME = "$(TARGET_NAME)";
				PROVISIONING_PROFILE_SPECIFIER = "";
				TARGETED_DEVICE_FAMILY = "1,2";
			};
			name = Release;
		};
/* End XCBuildConfiguration section */

/* Begin XCConfigurationList section */
		C084AD7120C114C500FE3C43 /* Build configuration list for PBXProject "ImagePickerViewController" */ = {
			isa = XCConfigurationList;
			buildConfigurations = (
				C084AD8A20C114C500FE3C43 /* Debug */,
				C084AD8B20C114C500FE3C43 /* Release */,
			);
			defaultConfigurationIsVisible = 0;
			defaultConfigurationName = Release;
		};
		C084AD8C20C114C500FE3C43 /* Build configuration list for PBXNativeTarget "ImagePickerViewController" */ = {
			isa = XCConfigurationList;
			buildConfigurations = (
				C084AD8D20C114C500FE3C43 /* Debug */,
				C084AD8E20C114C500FE3C43 /* Release */,
			);
			defaultConfigurationIsVisible = 0;
			defaultConfigurationName = Release;
		};
/* End XCConfigurationList section */
	};
	rootObject = C084AD6E20C114C500FE3C43 /* Project object */;
}
